
Microsoft Visual Studio Solution File, Format Version 12.00
# Visual Studio Version 17
VisualStudioVersion = 17.0.32112.339
MinimumVisualStudioVersion = 10.0.40219.1
Project("{FAE04EC0-301F-11D3-BF4B-00C04F79EFBC}") = "TestGithubActions", "TestGithubActions\TestGithubActions.csproj", "{B195F010-5B3B-4A83-A876-607987692083}"
EndProject
Project("{FAE04EC0-301F-11D3-BF4B-00C04F79EFBC}") = "TestGithubActionsTests", "TestGithubActionsTests\TestGithubActionsTests.csproj", "{29A4DFBE-9E20-4D7E-8133-370EB5D27093}"
EndProject
Global
	GlobalSection(SolutionConfigurationPlatforms) = preSolution
		Debug|Any CPU = Debug|Any CPU
		Release|Any CPU = Release|Any CPU
	EndGlobalSection
	GlobalSection(ProjectConfigurationPlatforms) = postSolution
		{B195F010-5B3B-4A83-A876-607987692083}.Debug|Any CPU.ActiveCfg = Debug|Any CPU
		{B195F010-5B3B-4A83-A876-607987692083}.Debug|Any CPU.Build.0 = Debug|Any CPU
		{B195F010-5B3B-4A83-A876-607987692083}.Release|Any CPU.ActiveCfg = Release|Any CPU
		{B195F010-5B3B-4A83-A876-607987692083}.Release|Any CPU.Build.0 = Release|Any CPU
		{29A4DFBE-9E20-4D7E-8133-370EB5D27093}.Debug|Any CPU.ActiveCfg = Debug|Any CPU
		{29A4DFBE-9E20-4D7E-8133-370EB5D27093}.Debug|Any CPU.Build.0 = Debug|Any CPU
		{29A4DFBE-9E20-4D7E-8133-370EB5D27093}.Release|Any CPU.ActiveCfg = Release|Any CPU
		{29A4DFBE-9E20-4D7E-8133-370EB5D27093}.Release|Any CPU.Build.0 = Release|Any CPU
	EndGlobalSection
	GlobalSection(SolutionProperties) = preSolution
		HideSolutionNode = FALSE
	EndGlobalSection
	GlobalSection(ExtensibilityGlobals) = postSolution
		SolutionGuid = {1983A812-B476-4BEC-8D97-98433F2C3846}
	EndGlobalSection
EndGlobal
